// !$*UTF8*$!
{
	archiveVersion = 1;
	classes = {
	};
	objectVersion = 46;
	objects = {

/* Begin PBXBuildFile section */
		1A57FDDE19BD469800056E31 /* main.m in Sources */ = {isa = PBXBuildFile; fileRef = 1A57FDDD19BD469800056E31 /* main.m */; };
		1A57FDE119BD469800056E31 /* AppDelegate.m in Sources */ = {isa = PBXBuildFile; fileRef = 1A57FDE019BD469800056E31 /* AppDelegate.m */; };
		1A57FDE419BD469800056E31 /* ViewController.m in Sources */ = {isa = PBXBuildFile; fileRef = 1A57FDE319BD469800056E31 /* ViewController.m */; };
		1A57FDE719BD469800056E31 /* Main.storyboard in Resources */ = {isa = PBXBuildFile; fileRef = 1A57FDE519BD469800056E31 /* Main.storyboard */; };
		1A57FDE919BD469800056E31 /* Images.xcassets in Resources */ = {isa = PBXBuildFile; fileRef = 1A57FDE819BD469800056E31 /* Images.xcassets */; };
		1A57FDF519BD469800056E31 /* PagingScrollViewTests.m in Sources */ = {isa = PBXBuildFile; fileRef = 1A57FDF419BD469800056E31 /* PagingScrollViewTests.m */; };
/* End PBXBuildFile section */

/* Begin PBXContainerItemProxy section */
		1A57FDEF19BD469800056E31 /* PBXContainerItemProxy */ = {
			isa = PBXContainerItemProxy;
			containerPortal = 1A57FDD019BD469800056E31 /* Project object */;
			proxyType = 1;
			remoteGlobalIDString = 1A57FDD719BD469800056E31;
			remoteInfo = PagingScrollView;
		};
/* End PBXContainerItemProxy section */

/* Begin PBXFileReference section */
		1A57FDD819BD469800056E31 /* PagingScrollView.app */ = {isa = PBXFileReference; explicitFileType = wrapper.application; includeInIndex = 0; path = PagingScrollView.app; sourceTree = BUILT_PRODUCTS_DIR; };
		1A57FDDC19BD469800056E31 /* Info.plist */ = {isa = PBXFileReference; lastKnownFileType = text.plist.xml; path = Info.plist; sourceTree = "<group>"; };
		1A57FDDD19BD469800056E31 /* main.m */ = {isa = PBXFileReference; lastKnownFileType = sourcecode.c.objc; path = main.m; sourceTree = "<group>"; };
		1A57FDDF19BD469800056E31 /* AppDelegate.h */ = {isa = PBXFileReference; lastKnownFileType = sourcecode.c.h; path = AppDelegate.h; sourceTree = "<group>"; };
		1A57FDE019BD469800056E31 /* AppDelegate.m */ = {isa = PBXFileReference; lastKnownFileType = sourcecode.c.objc; path = AppDelegate.m; sourceTree = "<group>"; };
		1A57FDE219BD469800056E31 /* ViewController.h */ = {isa = PBXFileReference; lastKnownFileType = sourcecode.c.h; path = ViewController.h; sourceTree = "<group>"; };
		1A57FDE319BD469800056E31 /* ViewController.m */ = {isa = PBXFileReference; lastKnownFileType = sourcecode.c.objc; path = ViewController.m; sourceTree = "<group>"; };
		1A57FDE619BD469800056E31 /* Base */ = {isa = PBXFileReference; lastKnownFileType = file.storyboard; name = Base; path = Base.lproj/Main.storyboard; sourceTree = "<group>"; };
		1A57FDE819BD469800056E31 /* Images.xcassets */ = {isa = PBXFileReference; lastKnownFileType = folder.assetcatalog; path = Images.xcassets; sourceTree = "<group>"; };
		1A57FDEE19BD469800056E31 /* PagingScrollViewTests.xctest */ = {isa = PBXFileReference; explicitFileType = wrapper.cfbundle; includeInIndex = 0; path = PagingScrollViewTests.xctest; sourceTree = BUILT_PRODUCTS_DIR; };
		1A57FDF319BD469800056E31 /* Info.plist */ = {isa = PBXFileReference; lastKnownFileType = text.plist.xml; path = Info.plist; sourceTree = "<group>"; };
		1A57FDF419BD469800056E31 /* PagingScrollViewTests.m */ = {isa = PBXFileReference; lastKnownFileType = sourcecode.c.objc; path = PagingScrollViewTests.m; sourceTree = "<group>"; };
/* End PBXFileReference section */

/* Begin PBXFrameworksBuildPhase section */
		1A57FDD519BD469800056E31 /* Frameworks */ = {
			isa = PBXFrameworksBuildPhase;
			buildActionMask = 2147483647;
			files = (
			);
			runOnlyForDeploymentPostprocessing = 0;
		};
		1A57FDEB19BD469800056E31 /* Frameworks */ = {
			isa = PBXFrameworksBuildPhase;
			buildActionMask = 2147483647;
			files = (
			);
			runOnlyForDeploymentPostprocessing = 0;
		};
/* End PBXFrameworksBuildPhase section */

/* Begin PBXGroup section */
		1A57FDCF19BD469800056E31 = {
			isa = PBXGroup;
			children = (
				1A57FDDA19BD469800056E31 /* PagingScrollView */,
				1A57FDF119BD469800056E31 /* PagingScrollViewTests */,
				1A57FDD919BD469800056E31 /* Products */,
			);
			sourceTree = "<group>";
		};
		1A57FDD919BD469800056E31 /* Products */ = {
			isa = PBXGroup;
			children = (
				1A57FDD819BD469800056E31 /* PagingScrollView.app */,
				1A57FDEE19BD469800056E31 /* PagingScrollViewTests.xctest */,
			);
			name = Products;
			sourceTree = "<group>";
		};
		1A57FDDA19BD469800056E31 /* PagingScrollView */ = {
			isa = PBXGroup;
			children = (
				1A57FDDF19BD469800056E31 /* AppDelegate.h */,
				1A57FDE019BD469800056E31 /* AppDelegate.m */,
				1A57FDE219BD469800056E31 /* ViewController.h */,
				1A57FDE319BD469800056E31 /* ViewController.m */,
				1A57FDE519BD469800056E31 /* Main.storyboard */,
				1A57FDE819BD469800056E31 /* Images.xcassets */,
				1A57FDDB19BD469800056E31 /* Supporting Files */,
			);
			path = PagingScrollView;
			sourceTree = "<group>";
		};
		1A57FDDB19BD469800056E31 /* Supporting Files */ = {
			isa = PBXGroup;
			children = (
				1A57FDDC19BD469800056E31 /* Info.plist */,
				1A57FDDD19BD469800056E31 /* main.m */,
			);
			name = "Supporting Files";
			sourceTree = "<group>";
		};
		1A57FDF119BD469800056E31 /* PagingScrollViewTests */ = {
			isa = PBXGroup;
			children = (
				1A57FDF419BD469800056E31 /* PagingScrollViewTests.m */,
				1A57FDF219BD469800056E31 /* Supporting Files */,
			);
			path = PagingScrollViewTests;
			sourceTree = "<group>";
		};
		1A57FDF219BD469800056E31 /* Supporting Files */ = {
			isa = PBXGroup;
			children = (
				1A57FDF319BD469800056E31 /* Info.plist */,
			);
			name = "Supporting Files";
			sourceTree = "<group>";
		};
/* End PBXGroup section */

/* Begin PBXNativeTarget section */
		1A57FDD719BD469800056E31 /* PagingScrollView */ = {
			isa = PBXNativeTarget;
			buildConfigurationList = 1A57FDF819BD469800056E31 /* Build configuration list for PBXNativeTarget "PagingScrollView" */;
			buildPhases = (
				1A57FDD419BD469800056E31 /* Sources */,
				1A57FDD519BD469800056E31 /* Frameworks */,
				1A57FDD619BD469800056E31 /* Resources */,
			);
			buildRules = (
			);
			dependencies = (
			);
			name = PagingScrollView;
			productName = PagingScrollView;
			productReference = 1A57FDD819BD469800056E31 /* PagingScrollView.app */;
			productType = "com.apple.product-type.application";
		};
		1A57FDED19BD469800056E31 /* PagingScrollViewTests */ = {
			isa = PBXNativeTarget;
			buildConfigurationList = 1A57FDFB19BD469800056E31 /* Build configuration list for PBXNativeTarget "PagingScrollViewTests" */;
			buildPhases = (
				1A57FDEA19BD469800056E31 /* Sources */,
				1A57FDEB19BD469800056E31 /* Frameworks */,
				1A57FDEC19BD469800056E31 /* Resources */,
			);
			buildRules = (
			);
			dependencies = (
				1A57FDF019BD469800056E31 /* PBXTargetDependency */,
			);
			name = PagingScrollViewTests;
			productName = PagingScrollViewTests;
			productReference = 1A57FDEE19BD469800056E31 /* PagingScrollViewTests.xctest */;
			productType = "com.apple.product-type.bundle.unit-test";
		};
/* End PBXNativeTarget section */

/* Begin PBXProject section */
		1A57FDD019BD469800056E31 /* Project object */ = {
			isa = PBXProject;
			attributes = {
				LastUpgradeCheck = 0600;
				ORGANIZATIONNAME = "James Snook";
				TargetAttributes = {
					1A57FDD719BD469800056E31 = {
						CreatedOnToolsVersion = 6.0;
					};
					1A57FDED19BD469800056E31 = {
						CreatedOnToolsVersion = 6.0;
						TestTargetID = 1A57FDD719BD469800056E31;
					};
				};
			};
			buildConfigurationList = 1A57FDD319BD469800056E31 /* Build configuration list for PBXProject "PagingScrollView" */;
			compatibilityVersion = "Xcode 3.2";
			developmentRegion = English;
			hasScannedForEncodings = 0;
			knownRegions = (
				en,
				Base,
			);
			mainGroup = 1A57FDCF19BD469800056E31;
			productRefGroup = 1A57FDD919BD469800056E31 /* Products */;
			projectDirPath = "";
			projectRoot = "";
			targets = (
				1A57FDD719BD469800056E31 /* PagingScrollView */,
				1A57FDED19BD469800056E31 /* PagingScrollViewTests */,
			);
		};
/* End PBXProject section */

/* Begin PBXResourcesBuildPhase section */
		1A57FDD619BD469800056E31 /* Resources */ = {
			isa = PBXResourcesBuildPhase;
			buildActionMask = 2147483647;
			files = (
				1A57FDE719BD469800056E31 /* Main.storyboard in Resources */,
				1A57FDE919BD469800056E31 /* Images.xcassets in Resources */,
			);
			runOnlyForDeploymentPostprocessing = 0;
		};
		1A57FDEC19BD469800056E31 /* Resources */ = {
			isa = PBXResourcesBuildPhase;
			buildActionMask = 2147483647;
			files = (
			);
			runOnlyForDeploymentPostprocessing = 0;
		};
/* End PBXResourcesBuildPhase section */

/* Begin PBXSourcesBuildPhase section */
		1A57FDD419BD469800056E31 /* Sources */ = {
			isa = PBXSourcesBuildPhase;
			buildActionMask = 2147483647;
			files = (
				1A57FDE419BD469800056E31 /* ViewController.m in Sources */,
				1A57FDE119BD469800056E31 /* AppDelegate.m in Sources */,
				1A57FDDE19BD469800056E31 /* main.m in Sources */,
			);
			runOnlyForDeploymentPostprocessing = 0;
		};
		1A57FDEA19BD469800056E31 /* Sources */ = {
			isa = PBXSourcesBuildPhase;
			buildActionMask = 2147483647;
			files = (
				1A57FDF519BD469800056E31 /* PagingScrollViewTests.m in Sources */,
			);
			runOnlyForDeploymentPostprocessing = 0;
		};
/* End PBXSourcesBuildPhase section */

/* Begin PBXTargetDependency section */
		1A57FDF019BD469800056E31 /* PBXTargetDependency */ = {
			isa = PBXTargetDependency;
			target = 1A57FDD719BD469800056E31 /* PagingScrollView */;
			targetProxy = 1A57FDEF19BD469800056E31 /* PBXContainerItemProxy */;
		};
/* End PBXTargetDependency section */

/* Begin PBXVariantGroup section */
		1A57FDE519BD469800056E31 /* Main.storyboard */ = {
			isa = PBXVariantGroup;
			children = (
				1A57FDE619BD469800056E31 /* Base */,
			);
			name = Main.storyboard;
			sourceTree = "<group>";
		};
/* End PBXVariantGroup section */

/* Begin XCBuildConfiguration section */
		1A57FDF619BD469800056E31 /* Debug */ = {
			isa = XCBuildConfiguration;
			buildSettings = {
				ALWAYS_SEARCH_USER_PATHS = NO;
				CLANG_CXX_LANGUAGE_STANDARD = "gnu++0x";
				CLANG_CXX_LIBRARY = "libc++";
				CLANG_ENABLE_MODULES = YES;
				CLANG_ENABLE_OBJC_ARC = YES;
				CLANG_WARN_BOOL_CONVERSION = YES;
				CLANG_WARN_CONSTANT_CONVERSION = YES;
				CLANG_WARN_DIRECT_OBJC_ISA_USAGE = YES_ERROR;
				CLANG_WARN_EMPTY_BODY = YES;
				CLANG_WARN_ENUM_CONVERSION = YES;
				CLANG_WARN_INT_CONVERSION = YES;
				CLANG_WARN_OBJC_ROOT_CLASS = YES_ERROR;
				CLANG_WARN_UNREACHABLE_CODE = YES;
				CLANG_WARN__DUPLICATE_METHOD_MATCH = YES;
				"CODE_SIGN_IDENTITY[sdk=iphoneos*]" = "iPhone Developer";
				COPY_PHASE_STRIP = NO;
				ENABLE_STRICT_OBJC_MSGSEND = YES;
				GCC_C_LANGUAGE_STANDARD = gnu99;
				GCC_DYNAMIC_NO_PIC = NO;
				GCC_OPTIMIZATION_LEVEL = 0;
				GCC_PREPROCESSOR_DEFINITIONS = (
					"DEBUG=1",
					"$(inherited)",
				);
				GCC_SYMBOLS_PRIVATE_EXTERN = NO;
				GCC_WARN_64_TO_32_BIT_CONVERSION = YES;
				GCC_WARN_ABOUT_RETURN_TYPE = YES_ERROR;
				GCC_WARN_UNDECLARED_SELECTOR = YES;
				GCC_WARN_UNINITIALIZED_AUTOS = YES_AGGRESSIVE;
				GCC_WARN_UNUSED_FUNCTION = YES;
				GCC_WARN_UNUSED_VARIABLE = YES;
				IPHONEOS_DEPLOYMENT_TARGET = 8.0;
				MTL_ENABLE_DEBUG_INFO = YES;
				ONLY_ACTIVE_ARCH = YES;
				SDKROOT = iphoneos;
			};
			name = Debug;
		};
		1A57FDF719BD469800056E31 /* Release */ = {
			isa = XCBuildConfiguration;
			buildSettings = {
				ALWAYS_SEARCH_USER_PATHS = NO;
				CLANG_CXX_LANGUAGE_STANDARD = "gnu++0x";
				CLANG_CXX_LIBRARY = "libc++";
				CLANG_ENABLE_MODULES = YES;
				CLANG_ENABLE_OBJC_ARC = YES;
				CLANG_WARN_BOOL_CONVERSION = YES;
				CLANG_WARN_CONSTANT_CONVERSION = YES;
				CLANG_WARN_DIRECT_OBJC_ISA_USAGE = YES_ERROR;
				CLANG_WARN_EMPTY_BODY = YES;
				CLANG_WARN_ENUM_CONVERSION = YES;
				CLANG_WARN_INT_CONVERSION = YES;
				CLANG_WARN_OBJC_ROOT_CLASS = YES_ERROR;
				CLANG_WARN_UNREACHABLE_CODE = YES;
				CLANG_WARN__DUPLICATE_METHOD_MATCH = YES;
				"CODE_SIGN_IDENTITY[sdk=iphoneos*]" = "iPhone Developer";
				COPY_PHASE_STRIP = YES;
				ENABLE_NS_ASSERTIONS = NO;
				ENABLE_STRICT_OBJC_MSGSEND = YES;
				GCC_C_LANGUAGE_STANDARD = gnu99;
				GCC_WARN_64_TO_32_BIT_CONVERSION = YES;
				GCC_WARN_ABOUT_RETURN_TYPE = YES_ERROR;
				GCC_WARN_UNDECLARED_SELECTOR = YES;
				GCC_WARN_UNINITIALIZED_AUTOS = YES_AGGRESSIVE;
				GCC_WARN_UNUSED_FUNCTION = YES;
				GCC_WARN_UNUSED_VARIABLE = YES;
				IPHONEOS_DEPLOYMENT_TARGET = 8.0;
				MTL_ENABLE_DEBUG_INFO = NO;
				SDKROOT = iphoneos;
				VALIDATE_PRODUCT = YES;
			};
			name = Release;
		};
		1A57FDF919BD469800056E31 /* Debug */ = {
			isa = XCBuildConfiguration;
			buildSettings = {
				ASSETCATALOG_COMPILER_APPICON_NAME = AppIcon;
				ASSETCATALOG_COMPILER_LAUNCHIMAGE_NAME = LaunchImage;
				INFOPLIST_FILE = PagingScrollView/Info.plist;
				LD_RUNPATH_SEARCH_PATHS = "$(inherited) @executable_path/Frameworks";
				PRODUCT_NAME = "$(TARGET_NAME)";
			};
			name = Debug;
		};
		1A57FDFA19BD469800056E31 /* Release */ = {
			isa = XCBuildConfiguration;
			buildSettings = {
				ASSETCATALOG_COMPILER_APPICON_NAME = AppIcon;
				ASSETCATALOG_COMPILER_LAUNCHIMAGE_NAME = LaunchImage;
				INFOPLIST_FILE = PagingScrollView/Info.plist;
				LD_RUNPATH_SEARCH_PATHS = "$(inherited) @executable_path/Frameworks";
				PRODUCT_NAME = "$(TARGET_NAME)";
			};
			name = Release;
		};
		1A57FDFC19BD469800056E31 /* Debug */ = {
			isa = XCBuildConfiguration;
			buildSettings = {
				BUNDLE_LOADER = "$(TEST_HOST)";
				FRAMEWORK_SEARCH_PATHS = (
					"$(SDKROOT)/Developer/Library/Frameworks",
					"$(inherited)",
				);
				GCC_PREPROCESSOR_DEFINITIONS = (
					"DEBUG=1",
					"$(inherited)",
				);
				INFOPLIST_FILE = PagingScrollViewTests/Info.plist;
				LD_RUNPATH_SEARCH_PATHS = "$(inherited) @executable_path/Frameworks @loader_path/Frameworks";
				PRODUCT_NAME = "$(TARGET_NAME)";
				TEST_HOST = "$(BUILT_PRODUCTS_DIR)/PagingScrollView.app/PagingScrollView";
			};
			name = Debug;
		};
		1A57FDFD19BD469800056E31 /* Release */ = {
			isa = XCBuildConfiguration;
			buildSettings = {
				BUNDLE_LOADER = "$(TEST_HOST)";
				FRAMEWORK_SEARCH_PATHS = (
					"$(SDKROOT)/Developer/Library/Frameworks",
					"$(inherited)",
				);
				INFOPLIST_FILE = PagingScrollViewTests/Info.plist;
				LD_RUNPATH_SEARCH_PATHS = "$(inherited) @executable_path/Frameworks @loader_path/Frameworks";
				PRODUCT_NAME = "$(TARGET_NAME)";
				TEST_HOST = "$(BUILT_PRODUCTS_DIR)/PagingScrollView.app/PagingScrollView";
			};
			name = Release;
		};
/* End XCBuildConfiguration section */

/* Begin XCConfigurationList section */
		1A57FDD319BD469800056E31 /* Build configuration list for PBXProject "PagingScrollView" */ = {
			isa = XCConfigurationList;
			buildConfigurations = (
				1A57FDF619BD469800056E31 /* Debug */,
				1A57FDF719BD469800056E31 /* Release */,
			);
			defaultConfigurationIsVisible = 0;
			defaultConfigurationName = Release;
		};
		1A57FDF819BD469800056E31 /* Build configuration list for PBXNativeTarget "PagingScrollView" */ = {
			isa = XCConfigurationList;
			buildConfigurations = (
				1A57FDF919BD469800056E31 /* Debug */,
				1A57FDFA19BD469800056E31 /* Release */,
			);
			defaultConfigurationIsVisible = 0;
		};
		1A57FDFB19BD469800056E31 /* Build configuration list for PBXNativeTarget "PagingScrollViewTests" */ = {
			isa = XCConfigurationList;
			buildConfigurations = (
				1A57FDFC19BD469800056E31 /* Debug */,
				1A57FDFD19BD469800056E31 /* Release */,
			);
			defaultConfigurationIsVisible = 0;
		};
/* End XCConfigurationList section */
	};
	rootObject = 1A57FDD019BD469800056E31 /* Project object */;
}
